// !$*UTF8*$!
{
	archiveVersion = 1;
	classes = {
	};
	objectVersion = 46;
	objects = {

/* Begin PBXBuildFile section */
		F69D1D0D1D332DE300F54D86 /* main.m in Sources */ = {isa = PBXBuildFile; fileRef = F69D1D0C1D332DE300F54D86 /* main.m */; };
		F69D1D101D332DE300F54D86 /* AppDelegate.m in Sources */ = {isa = PBXBuildFile; fileRef = F69D1D0F1D332DE300F54D86 /* AppDelegate.m */; };
		F69D1D131D332DE300F54D86 /* ViewController.m in Sources */ = {isa = PBXBuildFile; fileRef = F69D1D121D332DE300F54D86 /* ViewController.m */; };
		F69D1D161D332DE300F54D86 /* Main.storyboard in Resources */ = {isa = PBXBuildFile; fileRef = F69D1D141D332DE300F54D86 /* Main.storyboard */; };
		F69D1D181D332DE300F54D86 /* Assets.xcassets in Resources */ = {isa = PBXBuildFile; fileRef = F69D1D171D332DE300F54D86 /* Assets.xcassets */; };
		F69D1D1B1D332DE300F54D86 /* LaunchScreen.storyboard in Resources */ = {isa = PBXBuildFile; fileRef = F69D1D191D332DE300F54D86 /* LaunchScreen.storyboard */; };
		F69D1D2C1D33335100F54D86 /* CLLocation+measuring.m in Sources */ = {isa = PBXBuildFile; fileRef = F69D1D241D33335100F54D86 /* CLLocation+measuring.m */; };
		F69D1D2D1D33335100F54D86 /* CLLocation+routeInfo.m in Sources */ = {isa = PBXBuildFile; fileRef = F69D1D261D33335100F54D86 /* CLLocation+routeInfo.m */; };
		F69D1D2E1D33335100F54D86 /* CLLocationDeadReckoning.m in Sources */ = {isa = PBXBuildFile; fileRef = F69D1D281D33335100F54D86 /* CLLocationDeadReckoning.m */; };
		F69D1D2F1D33335100F54D86 /* CLLocationDispatch.m in Sources */ = {isa = PBXBuildFile; fileRef = F69D1D2A1D33335100F54D86 /* CLLocationDispatch.m */; };
		F69D1D311D3339F900F54D86 /* MapKit.framework in Frameworks */ = {isa = PBXBuildFile; fileRef = F69D1D301D3339F900F54D86 /* MapKit.framework */; };
		F69D1D331D333A1700F54D86 /* CoreLocation.framework in Frameworks */ = {isa = PBXBuildFile; fileRef = F69D1D321D333A1700F54D86 /* CoreLocation.framework */; };
/* End PBXBuildFile section */

/* Begin PBXFileReference section */
		F69D1D081D332DE300F54D86 /* LocationDemo.app */ = {isa = PBXFileReference; explicitFileType = wrapper.application; includeInIndex = 0; path = LocationDemo.app; sourceTree = BUILT_PRODUCTS_DIR; };
		F69D1D0C1D332DE300F54D86 /* main.m */ = {isa = PBXFileReference; lastKnownFileType = sourcecode.c.objc; path = main.m; sourceTree = "<group>"; };
		F69D1D0E1D332DE300F54D86 /* AppDelegate.h */ = {isa = PBXFileReference; lastKnownFileType = sourcecode.c.h; path = AppDelegate.h; sourceTree = "<group>"; };
		F69D1D0F1D332DE300F54D86 /* AppDelegate.m */ = {isa = PBXFileReference; lastKnownFileType = sourcecode.c.objc; path = AppDelegate.m; sourceTree = "<group>"; };
		F69D1D111D332DE300F54D86 /* ViewController.h */ = {isa = PBXFileReference; lastKnownFileType = sourcecode.c.h; path = ViewController.h; sourceTree = "<group>"; };
		F69D1D121D332DE300F54D86 /* ViewController.m */ = {isa = PBXFileReference; lastKnownFileType = sourcecode.c.objc; path = ViewController.m; sourceTree = "<group>"; };
		F69D1D151D332DE300F54D86 /* Base */ = {isa = PBXFileReference; lastKnownFileType = file.storyboard; name = Base; path = Base.lproj/Main.storyboard; sourceTree = "<group>"; };
		F69D1D171D332DE300F54D86 /* Assets.xcassets */ = {isa = PBXFileReference; lastKnownFileType = folder.assetcatalog; path = Assets.xcassets; sourceTree = "<group>"; };
		F69D1D1A1D332DE300F54D86 /* Base */ = {isa = PBXFileReference; lastKnownFileType = file.storyboard; name = Base; path = Base.lproj/LaunchScreen.storyboard; sourceTree = "<group>"; };
		F69D1D1C1D332DE300F54D86 /* Info.plist */ = {isa = PBXFileReference; lastKnownFileType = text.plist.xml; path = Info.plist; sourceTree = "<group>"; };
		F69D1D231D33335100F54D86 /* CLLocation+measuring.h */ = {isa = PBXFileReference; fileEncoding = 4; lastKnownFileType = sourcecode.c.h; path = "CLLocation+measuring.h"; sourceTree = "<group>"; };
		F69D1D241D33335100F54D86 /* CLLocation+measuring.m */ = {isa = PBXFileReference; fileEncoding = 4; lastKnownFileType = sourcecode.c.objc; path = "CLLocation+measuring.m"; sourceTree = "<group>"; };
		F69D1D251D33335100F54D86 /* CLLocation+routeInfo.h */ = {isa = PBXFileReference; fileEncoding = 4; lastKnownFileType = sourcecode.c.h; path = "CLLocation+routeInfo.h"; sourceTree = "<group>"; };
		F69D1D261D33335100F54D86 /* CLLocation+routeInfo.m */ = {isa = PBXFileReference; fileEncoding = 4; lastKnownFileType = sourcecode.c.objc; path = "CLLocation+routeInfo.m"; sourceTree = "<group>"; };
		F69D1D271D33335100F54D86 /* CLLocationDeadReckoning.h */ = {isa = PBXFileReference; fileEncoding = 4; lastKnownFileType = sourcecode.c.h; path = CLLocationDeadReckoning.h; sourceTree = "<group>"; };
		F69D1D281D33335100F54D86 /* CLLocationDeadReckoning.m */ = {isa = PBXFileReference; fileEncoding = 4; lastKnownFileType = sourcecode.c.objc; path = CLLocationDeadReckoning.m; sourceTree = "<group>"; };
		F69D1D291D33335100F54D86 /* CLLocationDispatch.h */ = {isa = PBXFileReference; fileEncoding = 4; lastKnownFileType = sourcecode.c.h; path = CLLocationDispatch.h; sourceTree = "<group>"; };
		F69D1D2A1D33335100F54D86 /* CLLocationDispatch.m */ = {isa = PBXFileReference; fileEncoding = 4; lastKnownFileType = sourcecode.c.objc; path = CLLocationDispatch.m; sourceTree = "<group>"; };
		F69D1D2B1D33335100F54D86 /* CLUtilsDefines.h */ = {isa = PBXFileReference; fileEncoding = 4; lastKnownFileType = sourcecode.c.h; path = CLUtilsDefines.h; sourceTree = "<group>"; };
		F69D1D301D3339F900F54D86 /* MapKit.framework */ = {isa = PBXFileReference; lastKnownFileType = wrapper.framework; name = MapKit.framework; path = System/Library/Frameworks/MapKit.framework; sourceTree = SDKROOT; };
		F69D1D321D333A1700F54D86 /* CoreLocation.framework */ = {isa = PBXFileReference; lastKnownFileType = wrapper.framework; name = CoreLocation.framework; path = System/Library/Frameworks/CoreLocation.framework; sourceTree = SDKROOT; };
/* End PBXFileReference section */

/* Begin PBXFrameworksBuildPhase section */
		F69D1D051D332DE300F54D86 /* Frameworks */ = {
			isa = PBXFrameworksBuildPhase;
			buildActionMask = 2147483647;
			files = (
				F69D1D331D333A1700F54D86 /* CoreLocation.framework in Frameworks */,
				F69D1D311D3339F900F54D86 /* MapKit.framework in Frameworks */,
			);
			runOnlyForDeploymentPostprocessing = 0;
		};
/* End PBXFrameworksBuildPhase section */

/* Begin PBXGroup section */
		F69D1CFF1D332DE300F54D86 = {
			isa = PBXGroup;
			children = (
				F69D1D321D333A1700F54D86 /* CoreLocation.framework */,
				F69D1D301D3339F900F54D86 /* MapKit.framework */,
				F69D1D0A1D332DE300F54D86 /* LocationDemo */,
				F69D1D091D332DE300F54D86 /* Products */,
			);
			sourceTree = "<group>";
		};
		F69D1D091D332DE300F54D86 /* Products */ = {
			isa = PBXGroup;
			children = (
				F69D1D081D332DE300F54D86 /* LocationDemo.app */,
			);
			name = Products;
			sourceTree = "<group>";
		};
		F69D1D0A1D332DE300F54D86 /* LocationDemo */ = {
			isa = PBXGroup;
			children = (
				F69D1D221D33335100F54D86 /* CoreLocationUtils */,
				F69D1D0E1D332DE300F54D86 /* AppDelegate.h */,
				F69D1D0F1D332DE300F54D86 /* AppDelegate.m */,
				F69D1D111D332DE300F54D86 /* ViewController.h */,
				F69D1D121D332DE300F54D86 /* ViewController.m */,
				F69D1D141D332DE300F54D86 /* Main.storyboard */,
				F69D1D171D332DE300F54D86 /* Assets.xcassets */,
				F69D1D191D332DE300F54D86 /* LaunchScreen.storyboard */,
				F69D1D1C1D332DE300F54D86 /* Info.plist */,
				F69D1D0B1D332DE300F54D86 /* Supporting Files */,
			);
			path = LocationDemo;
			sourceTree = "<group>";
		};
		F69D1D0B1D332DE300F54D86 /* Supporting Files */ = {
			isa = PBXGroup;
			children = (
				F69D1D0C1D332DE300F54D86 /* main.m */,
			);
			name = "Supporting Files";
			sourceTree = "<group>";
		};
		F69D1D221D33335100F54D86 /* CoreLocationUtils */ = {
			isa = PBXGroup;
			children = (
				F69D1D231D33335100F54D86 /* CLLocation+measuring.h */,
				F69D1D241D33335100F54D86 /* CLLocation+measuring.m */,
				F69D1D251D33335100F54D86 /* CLLocation+routeInfo.h */,
				F69D1D261D33335100F54D86 /* CLLocation+routeInfo.m */,
				F69D1D271D33335100F54D86 /* CLLocationDeadReckoning.h */,
				F69D1D281D33335100F54D86 /* CLLocationDeadReckoning.m */,
				F69D1D291D33335100F54D86 /* CLLocationDispatch.h */,
				F69D1D2A1D33335100F54D86 /* CLLocationDispatch.m */,
				F69D1D2B1D33335100F54D86 /* CLUtilsDefines.h */,
			);
			path = CoreLocationUtils;
			sourceTree = "<group>";
		};
/* End PBXGroup section */

/* Begin PBXNativeTarget section */
		F69D1D071D332DE300F54D86 /* LocationDemo */ = {
			isa = PBXNativeTarget;
			buildConfigurationList = F69D1D1F1D332DE300F54D86 /* Build configuration list for PBXNativeTarget "LocationDemo" */;
			buildPhases = (
				F69D1D041D332DE300F54D86 /* Sources */,
				F69D1D051D332DE300F54D86 /* Frameworks */,
				F69D1D061D332DE300F54D86 /* Resources */,
			);
			buildRules = (
			);
			dependencies = (
			);
			name = LocationDemo;
			productName = LocationDemo;
			productReference = F69D1D081D332DE300F54D86 /* LocationDemo.app */;
			productType = "com.apple.product-type.application";
		};
/* End PBXNativeTarget section */

/* Begin PBXProject section */
		F69D1D001D332DE300F54D86 /* Project object */ = {
			isa = PBXProject;
			attributes = {
				LastUpgradeCheck = 0720;
				ORGANIZATIONNAME = WhiteHouse;
				TargetAttributes = {
					F69D1D071D332DE300F54D86 = {
						CreatedOnToolsVersion = 7.2;
						DevelopmentTeam = R6CV23EV2L;
					};
				};
			};
			buildConfigurationList = F69D1D031D332DE300F54D86 /* Build configuration list for PBXProject "LocationDemo" */;
			compatibilityVersion = "Xcode 3.2";
			developmentRegion = English;
			hasScannedForEncodings = 0;
			knownRegions = (
				en,
				Base,
			);
			mainGroup = F69D1CFF1D332DE300F54D86;
			productRefGroup = F69D1D091D332DE300F54D86 /* Products */;
			projectDirPath = "";
			projectRoot = "";
			targets = (
				F69D1D071D332DE300F54D86 /* LocationDemo */,
			);
		};
/* End PBXProject section */

/* Begin PBXResourcesBuildPhase section */
		F69D1D061D332DE300F54D86 /* Resources */ = {
			isa = PBXResourcesBuildPhase;
			buildActionMask = 2147483647;
			files = (
				F69D1D1B1D332DE300F54D86 /* LaunchScreen.storyboard in Resources */,
				F69D1D181D332DE300F54D86 /* Assets.xcassets in Resources */,
				F69D1D161D332DE300F54D86 /* Main.storyboard in Resources */,
			);
			runOnlyForDeploymentPostprocessing = 0;
		};
/* End PBXResourcesBuildPhase section */

/* Begin PBXSourcesBuildPhase section */
		F69D1D041D332DE300F54D86 /* Sources */ = {
			isa = PBXSourcesBuildPhase;
			buildActionMask = 2147483647;
			files = (
				F69D1D131D332DE300F54D86 /* ViewController.m in Sources */,
				F69D1D2F1D33335100F54D86 /* CLLocationDispatch.m in Sources */,
				F69D1D101D332DE300F54D86 /* AppDelegate.m in Sources */,
				F69D1D2E1D33335100F54D86 /* CLLocationDeadReckoning.m in Sources */,
				F69D1D2D1D33335100F54D86 /* CLLocation+routeInfo.m in Sources */,
				F69D1D0D1D332DE300F54D86 /* main.m in Sources */,
				F69D1D2C1D33335100F54D86 /* CLLocation+measuring.m in Sources */,
			);
			runOnlyForDeploymentPostprocessing = 0;
		};
/* End PBXSourcesBuildPhase section */

/* Begin PBXVariantGroup section */
		F69D1D141D332DE300F54D86 /* Main.storyboard */ = {
			isa = PBXVariantGroup;
			children = (
				F69D1D151D332DE300F54D86 /* Base */,
			);
			name = Main.storyboard;
			sourceTree = "<group>";
		};
		F69D1D191D332DE300F54D86 /* LaunchScreen.storyboard */ = {
			isa = PBXVariantGroup;
			children = (
				F69D1D1A1D332DE300F54D86 /* Base */,
			);
			name = LaunchScreen.storyboard;
			sourceTree = "<group>";
		};
/* End PBXVariantGroup section */

/* Begin XCBuildConfiguration section */
		F69D1D1D1D332DE300F54D86 /* Debug */ = {
			isa = XCBuildConfiguration;
			buildSettings = {
				ALWAYS_SEARCH_USER_PATHS = NO;
				CLANG_CXX_LANGUAGE_STANDARD = "gnu++0x";
				CLANG_CXX_LIBRARY = "libc++";
				CLANG_ENABLE_MODULES = YES;
				CLANG_ENABLE_OBJC_ARC = YES;
				CLANG_WARN_BOOL_CONVERSION = YES;
				CLANG_WARN_CONSTANT_CONVERSION = YES;
				CLANG_WARN_DIRECT_OBJC_ISA_USAGE = YES_ERROR;
				CLANG_WARN_EMPTY_BODY = YES;
				CLANG_WARN_ENUM_CONVERSION = YES;
				CLANG_WARN_INT_CONVERSION = YES;
				CLANG_WARN_OBJC_ROOT_CLASS = YES_ERROR;
				CLANG_WARN_UNREACHABLE_CODE = YES;
				CLANG_WARN__DUPLICATE_METHOD_MATCH = YES;
				"CODE_SIGN_IDENTITY[sdk=iphoneos*]" = "iPhone Developer";
				COPY_PHASE_STRIP = NO;
				DEBUG_INFORMATION_FORMAT = dwarf;
				ENABLE_STRICT_OBJC_MSGSEND = YES;
				ENABLE_TESTABILITY = YES;
				GCC_C_LANGUAGE_STANDARD = gnu99;
				GCC_DYNAMIC_NO_PIC = NO;
				GCC_NO_COMMON_BLOCKS = YES;
				GCC_OPTIMIZATION_LEVEL = 0;
				GCC_PREPROCESSOR_DEFINITIONS = (
					"DEBUG=1",
					"$(inherited)",
				);
				GCC_WARN_64_TO_32_BIT_CONVERSION = YES;
				GCC_WARN_ABOUT_RETURN_TYPE = YES_ERROR;
				GCC_WARN_UNDECLARED_SELECTOR = YES;
				GCC_WARN_UNINITIALIZED_AUTOS = YES_AGGRESSIVE;
				GCC_WARN_UNUSED_FUNCTION = YES;
				GCC_WARN_UNUSED_VARIABLE = YES;
				IPHONEOS_DEPLOYMENT_TARGET = 9.2;
				MTL_ENABLE_DEBUG_INFO = YES;
				ONLY_ACTIVE_ARCH = YES;
				SDKROOT = iphoneos;
			};
			name = Debug;
		};
		F69D1D1E1D332DE300F54D86 /* Release */ = {
			isa = XCBuildConfiguration;
			buildSettings = {
				ALWAYS_SEARCH_USER_PATHS = NO;
				CLANG_CXX_LANGUAGE_STANDARD = "gnu++0x";
				CLANG_CXX_LIBRARY = "libc++";
				CLANG_ENABLE_MODULES = YES;
				CLANG_ENABLE_OBJC_ARC = YES;
				CLANG_WARN_BOOL_CONVERSION = YES;
				CLANG_WARN_CONSTANT_CONVERSION = YES;
				CLANG_WARN_DIRECT_OBJC_ISA_USAGE = YES_ERROR;
				CLANG_WARN_EMPTY_BODY = YES;
				CLANG_WARN_ENUM_CONVERSION = YES;
				CLANG_WARN_INT_CONVERSION = YES;
				CLANG_WARN_OBJC_ROOT_CLASS = YES_ERROR;
				CLANG_WARN_UNREACHABLE_CODE = YES;
				CLANG_WARN__DUPLICATE_METHOD_MATCH = YES;
				"CODE_SIGN_IDENTITY[sdk=iphoneos*]" = "iPhone Developer";
				COPY_PHASE_STRIP = NO;
				DEBUG_INFORMATION_FORMAT = "dwarf-with-dsym";
				ENABLE_NS_ASSERTIONS = NO;
				ENABLE_STRICT_OBJC_MSGSEND = YES;
				GCC_C_LANGUAGE_STANDARD = gnu99;
				GCC_NO_COMMON_BLOCKS = YES;
				GCC_WARN_64_TO_32_BIT_CONVERSION = YES;
				GCC_WARN_ABOUT_RETURN_TYPE = YES_ERROR;
				GCC_WARN_UNDECLARED_SELECTOR = YES;
				GCC_WARN_UNINITIALIZED_AUTOS = YES_AGGRESSIVE;
				GCC_WARN_UNUSED_FUNCTION = YES;
				GCC_WARN_UNUSED_VARIABLE = YES;
				IPHONEOS_DEPLOYMENT_TARGET = 9.2;
				MTL_ENABLE_DEBUG_INFO = NO;
				SDKROOT = iphoneos;
				VALIDATE_PRODUCT = YES;
			};
			name = Release;
		};
		F69D1D201D332DE300F54D86 /* Debug */ = {
			isa = XCBuildConfiguration;
			buildSettings = {
				ASSETCATALOG_COMPILER_APPICON_NAME = AppIcon;
				CODE_SIGN_IDENTITY = "iPhone Developer";
				INFOPLIST_FILE = LocationDemo/Info.plist;
				LD_RUNPATH_SEARCH_PATHS = "$(inherited) @executable_path/Frameworks";
				PRODUCT_BUNDLE_IDENTIFIER = com.whiteHouse.LocationDemo;
				PRODUCT_NAME = "$(TARGET_NAME)";
			};
			name = Debug;
		};
		F69D1D211D332DE300F54D86 /* Release */ = {
			isa = XCBuildConfiguration;
			buildSettings = {
				ASSETCATALOG_COMPILER_APPICON_NAME = AppIcon;
				CODE_SIGN_IDENTITY = "iPhone Developer";
				INFOPLIST_FILE = LocationDemo/Info.plist;
				LD_RUNPATH_SEARCH_PATHS = "$(inherited) @executable_path/Frameworks";
				PRODUCT_BUNDLE_IDENTIFIER = com.whiteHouse.LocationDemo;
				PRODUCT_NAME = "$(TARGET_NAME)";
			};
			name = Release;
		};
/* End XCBuildConfiguration section */

/* Begin XCConfigurationList section */
		F69D1D031D332DE300F54D86 /* Build configuration list for PBXProject "LocationDemo" */ = {
			isa = XCConfigurationList;
			buildConfigurations = (
				F69D1D1D1D332DE300F54D86 /* Debug */,
				F69D1D1E1D332DE300F54D86 /* Release */,
			);
			defaultConfigurationIsVisible = 0;
			defaultConfigurationName = Release;
		};
		F69D1D1F1D332DE300F54D86 /* Build configuration list for PBXNativeTarget "LocationDemo" */ = {
			isa = XCConfigurationList;
			buildConfigurations = (
				F69D1D201D332DE300F54D86 /* Debug */,
				F69D1D211D332DE300F54D86 /* Release */,
			);
			defaultConfigurationIsVisible = 0;
			defaultConfigurationName = Release;
		};
/* End XCConfigurationList section */
	};
	rootObject = F69D1D001D332DE300F54D86 /* Project object */;
}
